
Microsoft Visual Studio Solution File, Format Version 12.00
# Visual Studio Version 17
VisualStudioVersion = 17.9.34622.214
MinimumVisualStudioVersion = 10.0.40219.1
Project("{FAE04EC0-301F-11D3-BF4B-00C04F79EFBC}") = "FirstApp", "FirstApp\FirstApp.csproj", "{95BB7F81-064D-4761-A73C-15E4BA435AB2}"
EndProject
Global
	GlobalSection(SolutionConfigurationPlatforms) = preSolution
		Debug|Any CPU = Debug|Any CPU
		Release|Any CPU = Release|Any CPU
	EndGlobalSection
	GlobalSection(ProjectConfigurationPlatforms) = postSolution
		{95BB7F81-064D-4761-A73C-15E4BA435AB2}.Debug|Any CPU.ActiveCfg = Debug|Any CPU
		{95BB7F81-064D-4761-A73C-15E4BA435AB2}.Debug|Any CPU.Build.0 = Debug|Any CPU
		{95BB7F81-064D-4761-A73C-15E4BA435AB2}.Release|Any CPU.ActiveCfg = Release|Any CPU
		{95BB7F81-064D-4761-A73C-15E4BA435AB2}.Release|Any CPU.Build.0 = Release|Any CPU
	EndGlobalSection
	GlobalSection(SolutionProperties) = preSolution
		HideSolutionNode = FALSE
	EndGlobalSection
	GlobalSection(ExtensibilityGlobals) = postSolution
		SolutionGuid = {7EF5A2C2-7227-4BF7-9A6C-C1F8C6968553}
	EndGlobalSection
EndGlobal
